
Microsoft Visual Studio Solution File, Format Version 12.00
# Visual Studio Version 16
VisualStudioVersion = 16.0.30503.244
MinimumVisualStudioVersion = 10.0.40219.1
Project("{FAE04EC0-301F-11D3-BF4B-00C04F79EFBC}") = "Exercice01", "Exercice01\Exercice01.csproj", "{64698C39-9E84-4A7F-9E76-324456A879E9}"
EndProject
Project("{FAE04EC0-301F-11D3-BF4B-00C04F79EFBC}") = "FootballClub", "FootballClub\FootballClub.csproj", "{C5540BBF-4B5D-42F1-9F41-7241E4CCE00E}"
EndProject
Project("{FAE04EC0-301F-11D3-BF4B-00C04F79EFBC}") = "Revisions", "Revisions\Revisions.csproj", "{3D4F917A-3B8C-4DBD-9DC1-E994A4EEEAF0}"
EndProject
Global
	GlobalSection(SolutionConfigurationPlatforms) = preSolution
		Debug|Any CPU = Debug|Any CPU
		Release|Any CPU = Release|Any CPU
	EndGlobalSection
	GlobalSection(ProjectConfigurationPlatforms) = postSolution
		{64698C39-9E84-4A7F-9E76-324456A879E9}.Debug|Any CPU.ActiveCfg = Debug|Any CPU
		{64698C39-9E84-4A7F-9E76-324456A879E9}.Debug|Any CPU.Build.0 = Debug|Any CPU
		{64698C39-9E84-4A7F-9E76-324456A879E9}.Release|Any CPU.ActiveCfg = Release|Any CPU
		{64698C39-9E84-4A7F-9E76-324456A879E9}.Release|Any CPU.Build.0 = Release|Any CPU
		{C5540BBF-4B5D-42F1-9F41-7241E4CCE00E}.Debug|Any CPU.ActiveCfg = Debug|Any CPU
		{C5540BBF-4B5D-42F1-9F41-7241E4CCE00E}.Debug|Any CPU.Build.0 = Debug|Any CPU
		{C5540BBF-4B5D-42F1-9F41-7241E4CCE00E}.Release|Any CPU.ActiveCfg = Release|Any CPU
		{C5540BBF-4B5D-42F1-9F41-7241E4CCE00E}.Release|Any CPU.Build.0 = Release|Any CPU
		{3D4F917A-3B8C-4DBD-9DC1-E994A4EEEAF0}.Debug|Any CPU.ActiveCfg = Debug|Any CPU
		{3D4F917A-3B8C-4DBD-9DC1-E994A4EEEAF0}.Debug|Any CPU.Build.0 = Debug|Any CPU
		{3D4F917A-3B8C-4DBD-9DC1-E994A4EEEAF0}.Release|Any CPU.ActiveCfg = Release|Any CPU
		{3D4F917A-3B8C-4DBD-9DC1-E994A4EEEAF0}.Release|Any CPU.Build.0 = Release|Any CPU
	EndGlobalSection
	GlobalSection(SolutionProperties) = preSolution
		HideSolutionNode = FALSE
	EndGlobalSection
	GlobalSection(ExtensibilityGlobals) = postSolution
		SolutionGuid = {4DB2B232-CB8D-4530-A167-5383518A02C7}
	EndGlobalSection
EndGlobal
